
Microsoft Visual Studio Solution File, Format Version 12.00
# Visual Studio Version 17
VisualStudioVersion = 17.6.33723.286
MinimumVisualStudioVersion = 10.0.40219.1
Project("{8BC9CEB8-8B4A-11D0-8D11-00A0C91BC942}") = "Sandbox", ".\Sandbox\Sandbox.vcxproj", "{75B6B6AA-8BB5-4B36-B498-63E274EA5C54}"
EndProject
Project("{8BC9CEB8-8B4A-11D0-8D11-00A0C91BC942}") = "CactusEngine", ".\CactusEngine\CactusEngine.vcxproj", "{19A051AE-79A8-433A-A9C6-676F0E359856}"
EndProject
Global
	GlobalSection(SolutionConfigurationPlatforms) = preSolution
		Debug|x64 = Debug|x64
		Debug|x86 = Debug|x86
		Release|x64 = Release|x64
		Release|x86 = Release|x86
	EndGlobalSection
	GlobalSection(ProjectConfigurationPlatforms) = postSolution
		{19A051AE-79A8-433A-A9C6-676F0E359856}.Debug|x64.ActiveCfg = Debug|x64
		{19A051AE-79A8-433A-A9C6-676F0E359856}.Debug|x64.Build.0 = Debug|x64
		{19A051AE-79A8-433A-A9C6-676F0E359856}.Debug|x86.ActiveCfg = Debug|x64
		{19A051AE-79A8-433A-A9C6-676F0E359856}.Release|x64.ActiveCfg = Release|x64
		{19A051AE-79A8-433A-A9C6-676F0E359856}.Release|x64.Build.0 = Release|x64
		{19A051AE-79A8-433A-A9C6-676F0E359856}.Release|x86.ActiveCfg = Release|x64
		{75B6B6AA-8BB5-4B36-B498-63E274EA5C54}.Debug|x64.ActiveCfg = Debug|x64
		{75B6B6AA-8BB5-4B36-B498-63E274EA5C54}.Debug|x64.Build.0 = Debug|x64
		{75B6B6AA-8BB5-4B36-B498-63E274EA5C54}.Debug|x86.ActiveCfg = Debug|x64
		{75B6B6AA-8BB5-4B36-B498-63E274EA5C54}.Release|x64.ActiveCfg = Release|x64
		{75B6B6AA-8BB5-4B36-B498-63E274EA5C54}.Release|x64.Build.0 = Release|x64
		{75B6B6AA-8BB5-4B36-B498-63E274EA5C54}.Release|x86.ActiveCfg = Release|x64
	EndGlobalSection
	GlobalSection(SolutionProperties) = preSolution
		HideSolutionNode = FALSE
	EndGlobalSection
	GlobalSection(ExtensibilityGlobals) = postSolution
		SolutionGuid = {0F0F9FDC-2782-4E0A-AFC7-91767A810B8D}
	EndGlobalSection
EndGlobal
