<?xml version="1.0" encoding="utf-8"?>
<Project ToolsVersion="4.0" xmlns="http://schemas.microsoft.com/developer/msbuild/2003">
  <ItemGroup>
    <Filter Include="Cactus">
      <UniqueIdentifier>{48363CAB-34D8-6681-1D93-7AD509D4EDD1}</UniqueIdentifier>
    </Filter>
    <Filter Include="Cactus\Events">
      <UniqueIdentifier>{2C019D50-98C1-1887-61FC-6104CD7B5D63}</UniqueIdentifier>
    </Filter>
  </ItemGroup>
  <ItemGroup>
    <ClInclude Include="src\Cactus.h" />
    <ClInclude Include="src\Cactus\Application.h">
      <Filter>Cactus</Filter>
    </ClInclude>
    <ClInclude Include="src\Cactus\Core.h">
      <Filter>Cactus</Filter>
    </ClInclude>
    <ClInclude Include="src\Cactus\EntryPoint.h">
      <Filter>Cactus</Filter>
    </ClInclude>
    <ClInclude Include="src\Cactus\Events\ApplicationEvent.h">
      <Filter>Cactus\Events</Filter>
    </ClInclude>
    <ClInclude Include="src\Cactus\Events\Event.h">
      <Filter>Cactus\Events</Filter>
    </ClInclude>
    <ClInclude Include="src\Cactus\Events\KeyEvent.h">
      <Filter>Cactus\Events</Filter>
    </ClInclude>
    <ClInclude Include="src\Cactus\Events\MouseEvent.h">
      <Filter>Cactus\Events</Filter>
    </ClInclude>
    <ClInclude Include="src\Cactus\Log.h">
      <Filter>Cactus</Filter>
    </ClInclude>
  </ItemGroup>
  <ItemGroup>
    <ClCompile Include="src\Cactus\Application.cpp">
      <Filter>Cactus</Filter>
    </ClCompile>
    <ClCompile Include="src\Cactus\Log.cpp">
      <Filter>Cactus</Filter>
    </ClCompile>
  </ItemGroup>
</Project>